
Microsoft Visual Studio Solution File, Format Version 12.00
# Visual Studio 15
VisualStudioVersion = 15.0.27703.2042
MinimumVisualStudioVersion = 10.0.40219.1
Project("{2150E333-8FDC-42A3-9474-1A3956D46DE8}") = "src", "src", "{C3FCC930-9CC9-4729-A703-3245BC93F310}"
EndProject
Project("{9A19103F-16F7-4668-BE54-9A1E7A4F7556}") = "CodeLoom", "CodeLoom\CodeLoom.csproj", "{80E3C018-7F5F-466B-A6D1-EDA197C3EC2B}"
EndProject
Project("{9A19103F-16F7-4668-BE54-9A1E7A4F7556}") = "CodeLoom.Fody", "CodeLoom.Fody\CodeLoom.Fody.csproj", "{F68030C9-F12E-4481-9C17-897E9201F6CB}"
EndProject
Project("{9A19103F-16F7-4668-BE54-9A1E7A4F7556}") = "CodeLoom.Runtime", "CodeLoom.Runtime\CodeLoom.Runtime.csproj", "{AF46E43C-FD28-47A1-9D37-1A439F1B2442}"
EndProject
Project("{2150E333-8FDC-42A3-9474-1A3956D46DE8}") = "tests", "tests", "{FBCABA2D-ED29-4921-806A-B25E3A40E558}"
EndProject
Project("{9A19103F-16F7-4668-BE54-9A1E7A4F7556}") = "TestAssembly", "TestAssembly\TestAssembly.csproj", "{A8309AA0-73D8-4678-AF32-B062B74921E3}"
EndProject
Project("{9A19103F-16F7-4668-BE54-9A1E7A4F7556}") = "CodeLoom.Tests", "CodeLoom.Tests\CodeLoom.Tests.csproj", "{FAFF92E3-D538-4F73-97D3-425B97611E7E}"
EndProject
Project("{FAE04EC0-301F-11D3-BF4B-00C04F79EFBC}") = "TestAssemblyReference", "TestAssemblyReference\TestAssemblyReference.csproj", "{005106EA-F27B-4E27-AC63-6A25D3A5E07E}"
EndProject
Global
	GlobalSection(SolutionConfigurationPlatforms) = preSolution
		Debug|Any CPU = Debug|Any CPU
		Release|Any CPU = Release|Any CPU
	EndGlobalSection
	GlobalSection(ProjectConfigurationPlatforms) = postSolution
		{80E3C018-7F5F-466B-A6D1-EDA197C3EC2B}.Debug|Any CPU.ActiveCfg = Debug|Any CPU
		{80E3C018-7F5F-466B-A6D1-EDA197C3EC2B}.Debug|Any CPU.Build.0 = Debug|Any CPU
		{80E3C018-7F5F-466B-A6D1-EDA197C3EC2B}.Release|Any CPU.ActiveCfg = Release|Any CPU
		{80E3C018-7F5F-466B-A6D1-EDA197C3EC2B}.Release|Any CPU.Build.0 = Release|Any CPU
		{F68030C9-F12E-4481-9C17-897E9201F6CB}.Debug|Any CPU.ActiveCfg = Debug|Any CPU
		{F68030C9-F12E-4481-9C17-897E9201F6CB}.Debug|Any CPU.Build.0 = Debug|Any CPU
		{F68030C9-F12E-4481-9C17-897E9201F6CB}.Release|Any CPU.ActiveCfg = Release|Any CPU
		{F68030C9-F12E-4481-9C17-897E9201F6CB}.Release|Any CPU.Build.0 = Release|Any CPU
		{AF46E43C-FD28-47A1-9D37-1A439F1B2442}.Debug|Any CPU.ActiveCfg = Debug|Any CPU
		{AF46E43C-FD28-47A1-9D37-1A439F1B2442}.Debug|Any CPU.Build.0 = Debug|Any CPU
		{AF46E43C-FD28-47A1-9D37-1A439F1B2442}.Release|Any CPU.ActiveCfg = Release|Any CPU
		{AF46E43C-FD28-47A1-9D37-1A439F1B2442}.Release|Any CPU.Build.0 = Release|Any CPU
		{A8309AA0-73D8-4678-AF32-B062B74921E3}.Debug|Any CPU.ActiveCfg = Debug|Any CPU
		{A8309AA0-73D8-4678-AF32-B062B74921E3}.Debug|Any CPU.Build.0 = Debug|Any CPU
		{A8309AA0-73D8-4678-AF32-B062B74921E3}.Release|Any CPU.ActiveCfg = Release|Any CPU
		{A8309AA0-73D8-4678-AF32-B062B74921E3}.Release|Any CPU.Build.0 = Release|Any CPU
		{FAFF92E3-D538-4F73-97D3-425B97611E7E}.Debug|Any CPU.ActiveCfg = Debug|Any CPU
		{FAFF92E3-D538-4F73-97D3-425B97611E7E}.Debug|Any CPU.Build.0 = Debug|Any CPU
		{FAFF92E3-D538-4F73-97D3-425B97611E7E}.Release|Any CPU.ActiveCfg = Release|Any CPU
		{FAFF92E3-D538-4F73-97D3-425B97611E7E}.Release|Any CPU.Build.0 = Release|Any CPU
		{005106EA-F27B-4E27-AC63-6A25D3A5E07E}.Debug|Any CPU.ActiveCfg = Debug|Any CPU
		{005106EA-F27B-4E27-AC63-6A25D3A5E07E}.Debug|Any CPU.Build.0 = Debug|Any CPU
		{005106EA-F27B-4E27-AC63-6A25D3A5E07E}.Release|Any CPU.ActiveCfg = Release|Any CPU
		{005106EA-F27B-4E27-AC63-6A25D3A5E07E}.Release|Any CPU.Build.0 = Release|Any CPU
	EndGlobalSection
	GlobalSection(SolutionProperties) = preSolution
		HideSolutionNode = FALSE
	EndGlobalSection
	GlobalSection(NestedProjects) = preSolution
		{80E3C018-7F5F-466B-A6D1-EDA197C3EC2B} = {C3FCC930-9CC9-4729-A703-3245BC93F310}
		{F68030C9-F12E-4481-9C17-897E9201F6CB} = {C3FCC930-9CC9-4729-A703-3245BC93F310}
		{AF46E43C-FD28-47A1-9D37-1A439F1B2442} = {C3FCC930-9CC9-4729-A703-3245BC93F310}
		{A8309AA0-73D8-4678-AF32-B062B74921E3} = {FBCABA2D-ED29-4921-806A-B25E3A40E558}
		{FAFF92E3-D538-4F73-97D3-425B97611E7E} = {FBCABA2D-ED29-4921-806A-B25E3A40E558}
		{005106EA-F27B-4E27-AC63-6A25D3A5E07E} = {FBCABA2D-ED29-4921-806A-B25E3A40E558}
	EndGlobalSection
	GlobalSection(ExtensibilityGlobals) = postSolution
		SolutionGuid = {93D427C8-348B-4351-87D7-AF5945EBE94D}
	EndGlobalSection
	GlobalSection(Performance) = preSolution
		HasPerformanceSessions = true
	EndGlobalSection
	GlobalSection(Performance) = preSolution
		HasPerformanceSessions = true
	EndGlobalSection
EndGlobal
